
Microsoft Visual Studio Solution File, Format Version 12.00
# Visual Studio 15
VisualStudioVersion = 15.0.28010.2046
MinimumVisualStudioVersion = 10.0.40219.1
Project("{FAE04EC0-301F-11D3-BF4B-00C04F79EFBC}") = "ADBTeam20_DB4O", "ADBTeam20_DB4O\ADBTeam20_DB4O.csproj", "{5EA0803C-0A05-4BFC-BCD0-CA1236BFE8E5}"
EndProject
Global
	GlobalSection(SolutionConfigurationPlatforms) = preSolution
		Debug|Any CPU = Debug|Any CPU
		Release|Any CPU = Release|Any CPU
	EndGlobalSection
	GlobalSection(ProjectConfigurationPlatforms) = postSolution
		{5EA0803C-0A05-4BFC-BCD0-CA1236BFE8E5}.Debug|Any CPU.ActiveCfg = Debug|Any CPU
		{5EA0803C-0A05-4BFC-BCD0-CA1236BFE8E5}.Debug|Any CPU.Build.0 = Debug|Any CPU
		{5EA0803C-0A05-4BFC-BCD0-CA1236BFE8E5}.Release|Any CPU.ActiveCfg = Release|Any CPU
		{5EA0803C-0A05-4BFC-BCD0-CA1236BFE8E5}.Release|Any CPU.Build.0 = Release|Any CPU
	EndGlobalSection
	GlobalSection(SolutionProperties) = preSolution
		HideSolutionNode = FALSE
	EndGlobalSection
	GlobalSection(ExtensibilityGlobals) = postSolution
		SolutionGuid = {5C842DF0-6961-4CE0-BC47-D53A16F28E81}
	EndGlobalSection
EndGlobal
