
Microsoft Visual Studio Solution File, Format Version 12.00
# Visual Studio 15
VisualStudioVersion = 15.0.28010.2041
MinimumVisualStudioVersion = 10.0.40219.1
Project("{FAE04EC0-301F-11D3-BF4B-00C04F79EFBC}") = "ADBTeam01_DB4O", "ADBTeam01_DB4O\ADBTeam01_DB4O.csproj", "{DA196CF4-99A9-486B-BE58-A1E30EE940DB}"
EndProject
Global
	GlobalSection(SolutionConfigurationPlatforms) = preSolution
		Debug|Any CPU = Debug|Any CPU
		Release|Any CPU = Release|Any CPU
	EndGlobalSection
	GlobalSection(ProjectConfigurationPlatforms) = postSolution
		{DA196CF4-99A9-486B-BE58-A1E30EE940DB}.Debug|Any CPU.ActiveCfg = Debug|Any CPU
		{DA196CF4-99A9-486B-BE58-A1E30EE940DB}.Debug|Any CPU.Build.0 = Debug|Any CPU
		{DA196CF4-99A9-486B-BE58-A1E30EE940DB}.Release|Any CPU.ActiveCfg = Release|Any CPU
		{DA196CF4-99A9-486B-BE58-A1E30EE940DB}.Release|Any CPU.Build.0 = Release|Any CPU
	EndGlobalSection
	GlobalSection(SolutionProperties) = preSolution
		HideSolutionNode = FALSE
	EndGlobalSection
	GlobalSection(ExtensibilityGlobals) = postSolution
		SolutionGuid = {44B2EDAE-9D22-4499-8082-CF478846AAFE}
	EndGlobalSection
EndGlobal
