
Microsoft Visual Studio Solution File, Format Version 12.00
# Visual Studio 15
VisualStudioVersion = 15.0.28010.2046
MinimumVisualStudioVersion = 10.0.40219.1
Project("{FAE04EC0-301F-11D3-BF4B-00C04F79EFBC}") = "ADBTeam12_DB4O", "ADBTeam12_DB4O\ADBTeam12_DB4O.csproj", "{19704561-1DD3-47C3-AF3E-452A460D6C2D}"
EndProject
Global
	GlobalSection(SolutionConfigurationPlatforms) = preSolution
		Debug|Any CPU = Debug|Any CPU
		Release|Any CPU = Release|Any CPU
	EndGlobalSection
	GlobalSection(ProjectConfigurationPlatforms) = postSolution
		{19704561-1DD3-47C3-AF3E-452A460D6C2D}.Debug|Any CPU.ActiveCfg = Debug|Any CPU
		{19704561-1DD3-47C3-AF3E-452A460D6C2D}.Debug|Any CPU.Build.0 = Debug|Any CPU
		{19704561-1DD3-47C3-AF3E-452A460D6C2D}.Release|Any CPU.ActiveCfg = Release|Any CPU
		{19704561-1DD3-47C3-AF3E-452A460D6C2D}.Release|Any CPU.Build.0 = Release|Any CPU
	EndGlobalSection
	GlobalSection(SolutionProperties) = preSolution
		HideSolutionNode = FALSE
	EndGlobalSection
	GlobalSection(ExtensibilityGlobals) = postSolution
		SolutionGuid = {E408C42C-112C-4669-BE31-0CC64430954E}
	EndGlobalSection
EndGlobal
